
Microsoft Visual Studio Solution File, Format Version 12.00
# Visual Studio Version 17
VisualStudioVersion = 17.3.32901.215
MinimumVisualStudioVersion = 10.0.40219.1
Project("{FAE04EC0-301F-11D3-BF4B-00C04F79EFBC}") = "Crawling.Console", "Crawling.Console\Crawling.Console.csproj", "{C8DCC8B0-D87D-473A-8052-37A9F2F8356E}"
EndProject
Global
	GlobalSection(SolutionConfigurationPlatforms) = preSolution
		Debug|Any CPU = Debug|Any CPU
		Release|Any CPU = Release|Any CPU
	EndGlobalSection
	GlobalSection(ProjectConfigurationPlatforms) = postSolution
		{C8DCC8B0-D87D-473A-8052-37A9F2F8356E}.Debug|Any CPU.ActiveCfg = Debug|Any CPU
		{C8DCC8B0-D87D-473A-8052-37A9F2F8356E}.Debug|Any CPU.Build.0 = Debug|Any CPU
		{C8DCC8B0-D87D-473A-8052-37A9F2F8356E}.Release|Any CPU.ActiveCfg = Release|Any CPU
		{C8DCC8B0-D87D-473A-8052-37A9F2F8356E}.Release|Any CPU.Build.0 = Release|Any CPU
	EndGlobalSection
	GlobalSection(SolutionProperties) = preSolution
		HideSolutionNode = FALSE
	EndGlobalSection
	GlobalSection(ExtensibilityGlobals) = postSolution
		SolutionGuid = {8AAE0095-8010-4A37-9198-71CE6F9F3E63}
	EndGlobalSection
EndGlobal
